// !$*UTF8*$!
{
	archiveVersion = 1;
	classes = {
	};
	objectVersion = 46;
	objects = {

/* Begin PBXBuildFile section */
		F24F42831E5C3AFD0058F59F /* AppDelegate.swift in Sources */ = {isa = PBXBuildFile; fileRef = F24F42821E5C3AFD0058F59F /* AppDelegate.swift */; };
		F24F42851E5C3AFD0058F59F /* ViewController.swift in Sources */ = {isa = PBXBuildFile; fileRef = F24F42841E5C3AFD0058F59F /* ViewController.swift */; };
		F24F42881E5C3AFD0058F59F /* Main.storyboard in Resources */ = {isa = PBXBuildFile; fileRef = F24F42861E5C3AFD0058F59F /* Main.storyboard */; };
		F24F428A1E5C3AFD0058F59F /* Assets.xcassets in Resources */ = {isa = PBXBuildFile; fileRef = F24F42891E5C3AFD0058F59F /* Assets.xcassets */; };
		F24F428D1E5C3AFD0058F59F /* LaunchScreen.storyboard in Resources */ = {isa = PBXBuildFile; fileRef = F24F428B1E5C3AFD0058F59F /* LaunchScreen.storyboard */; };
/* End PBXBuildFile section */

/* Begin PBXFileReference section */
		F24F427F1E5C3AFD0058F59F /* VPShareManager.app */ = {isa = PBXFileReference; explicitFileType = wrapper.application; includeInIndex = 0; path = VPShareManager.app; sourceTree = BUILT_PRODUCTS_DIR; };
		F24F42821E5C3AFD0058F59F /* AppDelegate.swift */ = {isa = PBXFileReference; lastKnownFileType = sourcecode.swift; path = AppDelegate.swift; sourceTree = "<group>"; };
		F24F42841E5C3AFD0058F59F /* ViewController.swift */ = {isa = PBXFileReference; lastKnownFileType = sourcecode.swift; path = ViewController.swift; sourceTree = "<group>"; };
		F24F42871E5C3AFD0058F59F /* Base */ = {isa = PBXFileReference; lastKnownFileType = file.storyboard; name = Base; path = Base.lproj/Main.storyboard; sourceTree = "<group>"; };
		F24F42891E5C3AFD0058F59F /* Assets.xcassets */ = {isa = PBXFileReference; lastKnownFileType = folder.assetcatalog; path = Assets.xcassets; sourceTree = "<group>"; };
		F24F428C1E5C3AFD0058F59F /* Base */ = {isa = PBXFileReference; lastKnownFileType = file.storyboard; name = Base; path = Base.lproj/LaunchScreen.storyboard; sourceTree = "<group>"; };
		F24F428E1E5C3AFD0058F59F /* Info.plist */ = {isa = PBXFileReference; lastKnownFileType = text.plist.xml; path = Info.plist; sourceTree = "<group>"; };
/* End PBXFileReference section */

/* Begin PBXFrameworksBuildPhase section */
		F24F427C1E5C3AFD0058F59F /* Frameworks */ = {
			isa = PBXFrameworksBuildPhase;
			buildActionMask = 2147483647;
			files = (
			);
			runOnlyForDeploymentPostprocessing = 0;
		};
/* End PBXFrameworksBuildPhase section */

/* Begin PBXGroup section */
		F24F42761E5C3AFD0058F59F = {
			isa = PBXGroup;
			children = (
				F24F42811E5C3AFD0058F59F /* VPShareManager */,
				F24F42801E5C3AFD0058F59F /* Products */,
			);
			sourceTree = "<group>";
		};
		F24F42801E5C3AFD0058F59F /* Products */ = {
			isa = PBXGroup;
			children = (
				F24F427F1E5C3AFD0058F59F /* VPShareManager.app */,
			);
			name = Products;
			sourceTree = "<group>";
		};
		F24F42811E5C3AFD0058F59F /* VPShareManager */ = {
			isa = PBXGroup;
			children = (
				F24F42821E5C3AFD0058F59F /* AppDelegate.swift */,
				F24F42841E5C3AFD0058F59F /* ViewController.swift */,
				F24F42861E5C3AFD0058F59F /* Main.storyboard */,
				F24F42891E5C3AFD0058F59F /* Assets.xcassets */,
				F24F428B1E5C3AFD0058F59F /* LaunchScreen.storyboard */,
				F24F428E1E5C3AFD0058F59F /* Info.plist */,
			);
			path = VPShareManager;
			sourceTree = "<group>";
		};
/* End PBXGroup section */

/* Begin PBXNativeTarget section */
		F24F427E1E5C3AFD0058F59F /* VPShareManager */ = {
			isa = PBXNativeTarget;
			buildConfigurationList = F24F42911E5C3AFD0058F59F /* Build configuration list for PBXNativeTarget "VPShareManager" */;
			buildPhases = (
				F24F427B1E5C3AFD0058F59F /* Sources */,
				F24F427C1E5C3AFD0058F59F /* Frameworks */,
				F24F427D1E5C3AFD0058F59F /* Resources */,
			);
			buildRules = (
			);
			dependencies = (
			);
			name = VPShareManager;
			productName = VPShareManager;
			productReference = F24F427F1E5C3AFD0058F59F /* VPShareManager.app */;
			productType = "com.apple.product-type.application";
		};
/* End PBXNativeTarget section */

/* Begin PBXProject section */
		F24F42771E5C3AFD0058F59F /* Project object */ = {
			isa = PBXProject;
			attributes = {
				LastSwiftUpdateCheck = 0820;
				LastUpgradeCheck = 0820;
				ORGANIZATIONNAME = "Qiun Cheng";
				TargetAttributes = {
					F24F427E1E5C3AFD0058F59F = {
						CreatedOnToolsVersion = 8.2.1;
						DevelopmentTeam = JDTEF93AA4;
						ProvisioningStyle = Automatic;
					};
				};
			};
			buildConfigurationList = F24F427A1E5C3AFD0058F59F /* Build configuration list for PBXProject "VPShareManager" */;
			compatibilityVersion = "Xcode 3.2";
			developmentRegion = English;
			hasScannedForEncodings = 0;
			knownRegions = (
				en,
				Base,
			);
			mainGroup = F24F42761E5C3AFD0058F59F;
			productRefGroup = F24F42801E5C3AFD0058F59F /* Products */;
			projectDirPath = "";
			projectRoot = "";
			targets = (
				F24F427E1E5C3AFD0058F59F /* VPShareManager */,
			);
		};
/* End PBXProject section */

/* Begin PBXResourcesBuildPhase section */
		F24F427D1E5C3AFD0058F59F /* Resources */ = {
			isa = PBXResourcesBuildPhase;
			buildActionMask = 2147483647;
			files = (
				F24F428D1E5C3AFD0058F59F /* LaunchScreen.storyboard in Resources */,
				F24F428A1E5C3AFD0058F59F /* Assets.xcassets in Resources */,
				F24F42881E5C3AFD0058F59F /* Main.storyboard in Resources */,
			);
			runOnlyForDeploymentPostprocessing = 0;
		};
/* End PBXResourcesBuildPhase section */

/* Begin PBXSourcesBuildPhase section */
		F24F427B1E5C3AFD0058F59F /* Sources */ = {
			isa = PBXSourcesBuildPhase;
			buildActionMask = 2147483647;
			files = (
				F24F42851E5C3AFD0058F59F /* ViewController.swift in Sources */,
				F24F42831E5C3AFD0058F59F /* AppDelegate.swift in Sources */,
			);
			runOnlyForDeploymentPostprocessing = 0;
		};
/* End PBXSourcesBuildPhase section */

/* Begin PBXVariantGroup section */
		F24F42861E5C3AFD0058F59F /* Main.storyboard */ = {
			isa = PBXVariantGroup;
			children = (
				F24F42871E5C3AFD0058F59F /* Base */,
			);
			name = Main.storyboard;
			sourceTree = "<group>";
		};
		F24F428B1E5C3AFD0058F59F /* LaunchScreen.storyboard */ = {
			isa = PBXVariantGroup;
			children = (
				F24F428C1E5C3AFD0058F59F /* Base */,
			);
			name = LaunchScreen.storyboard;
			sourceTree = "<group>";
		};
/* End PBXVariantGroup section */

/* Begin XCBuildConfiguration section */
		F24F428F1E5C3AFD0058F59F /* Debug */ = {
			isa = XCBuildConfiguration;
			buildSettings = {
				ALWAYS_SEARCH_USER_PATHS = NO;
				CLANG_ANALYZER_NONNULL = YES;
				CLANG_CXX_LANGUAGE_STANDARD = "gnu++0x";
				CLANG_CXX_LIBRARY = "libc++";
				CLANG_ENABLE_MODULES = YES;
				CLANG_ENABLE_OBJC_ARC = YES;
				CLANG_WARN_BOOL_CONVERSION = YES;
				CLANG_WARN_CONSTANT_CONVERSION = YES;
				CLANG_WARN_DIRECT_OBJC_ISA_USAGE = YES_ERROR;
				CLANG_WARN_DOCUMENTATION_COMMENTS = YES;
				CLANG_WARN_EMPTY_BODY = YES;
				CLANG_WARN_ENUM_CONVERSION = YES;
				CLANG_WARN_INFINITE_RECURSION = YES;
				CLANG_WARN_INT_CONVERSION = YES;
				CLANG_WARN_OBJC_ROOT_CLASS = YES_ERROR;
				CLANG_WARN_SUSPICIOUS_MOVE = YES;
				CLANG_WARN_UNREACHABLE_CODE = YES;
				CLANG_WARN__DUPLICATE_METHOD_MATCH = YES;
				"CODE_SIGN_IDENTITY[sdk=iphoneos*]" = "iPhone Developer";
				COPY_PHASE_STRIP = NO;
				DEBUG_INFORMATION_FORMAT = dwarf;
				ENABLE_STRICT_OBJC_MSGSEND = YES;
				ENABLE_TESTABILITY = YES;
				GCC_C_LANGUAGE_STANDARD = gnu99;
				GCC_DYNAMIC_NO_PIC = NO;
				GCC_NO_COMMON_BLOCKS = YES;
				GCC_OPTIMIZATION_LEVEL = 0;
				GCC_PREPROCESSOR_DEFINITIONS = (
					"DEBUG=1",
					"$(inherited)",
				);
				GCC_WARN_64_TO_32_BIT_CONVERSION = YES;
				GCC_WARN_ABOUT_RETURN_TYPE = YES_ERROR;
				GCC_WARN_UNDECLARED_SELECTOR = YES;
				GCC_WARN_UNINITIALIZED_AUTOS = YES_AGGRESSIVE;
				GCC_WARN_UNUSED_FUNCTION = YES;
				GCC_WARN_UNUSED_VARIABLE = YES;
				IPHONEOS_DEPLOYMENT_TARGET = 10.2;
				MTL_ENABLE_DEBUG_INFO = YES;
				ONLY_ACTIVE_ARCH = YES;
				SDKROOT = iphoneos;
				SWIFT_ACTIVE_COMPILATION_CONDITIONS = DEBUG;
				SWIFT_OPTIMIZATION_LEVEL = "-Onone";
			};
			name = Debug;
		};
		F24F42901E5C3AFD0058F59F /* Release */ = {
			isa = XCBuildConfiguration;
			buildSettings = {
				ALWAYS_SEARCH_USER_PATHS = NO;
				CLANG_ANALYZER_NONNULL = YES;
				CLANG_CXX_LANGUAGE_STANDARD = "gnu++0x";
				CLANG_CXX_LIBRARY = "libc++";
				CLANG_ENABLE_MODULES = YES;
				CLANG_ENABLE_OBJC_ARC = YES;
				CLANG_WARN_BOOL_CONVERSION = YES;
				CLANG_WARN_CONSTANT_CONVERSION = YES;
				CLANG_WARN_DIRECT_OBJC_ISA_USAGE = YES_ERROR;
				CLANG_WARN_DOCUMENTATION_COMMENTS = YES;
				CLANG_WARN_EMPTY_BODY = YES;
				CLANG_WARN_ENUM_CONVERSION = YES;
				CLANG_WARN_INFINITE_RECURSION = YES;
				CLANG_WARN_INT_CONVERSION = YES;
				CLANG_WARN_OBJC_ROOT_CLASS = YES_ERROR;
				CLANG_WARN_SUSPICIOUS_MOVE = YES;
				CLANG_WARN_UNREACHABLE_CODE = YES;
				CLANG_WARN__DUPLICATE_METHOD_MATCH = YES;
				"CODE_SIGN_IDENTITY[sdk=iphoneos*]" = "iPhone Developer";
				COPY_PHASE_STRIP = NO;
				DEBUG_INFORMATION_FORMAT = "dwarf-with-dsym";
				ENABLE_NS_ASSERTIONS = NO;
				ENABLE_STRICT_OBJC_MSGSEND = YES;
				GCC_C_LANGUAGE_STANDARD = gnu99;
				GCC_NO_COMMON_BLOCKS = YES;
				GCC_WARN_64_TO_32_BIT_CONVERSION = YES;
				GCC_WARN_ABOUT_RETURN_TYPE = YES_ERROR;
				GCC_WARN_UNDECLARED_SELECTOR = YES;
				GCC_WARN_UNINITIALIZED_AUTOS = YES_AGGRESSIVE;
				GCC_WARN_UNUSED_FUNCTION = YES;
				GCC_WARN_UNUSED_VARIABLE = YES;
				IPHONEOS_DEPLOYMENT_TARGET = 10.2;
				MTL_ENABLE_DEBUG_INFO = NO;
				SDKROOT = iphoneos;
				SWIFT_OPTIMIZATION_LEVEL = "-Owholemodule";
				VALIDATE_PRODUCT = YES;
			};
			name = Release;
		};
		F24F42921E5C3AFD0058F59F /* Debug */ = {
			isa = XCBuildConfiguration;
			buildSettings = {
				ASSETCATALOG_COMPILER_APPICON_NAME = AppIcon;
				DEVELOPMENT_TEAM = JDTEF93AA4;
				INFOPLIST_FILE = VPShareManager/Info.plist;
				LD_RUNPATH_SEARCH_PATHS = "$(inherited) @executable_path/Frameworks";
				PRODUCT_BUNDLE_IDENTIFIER = com.vsccw.VPShareManager;
				PRODUCT_NAME = "$(TARGET_NAME)";
				SWIFT_VERSION = 3.0;
			};
			name = Debug;
		};
		F24F42931E5C3AFD0058F59F /* Release */ = {
			isa = XCBuildConfiguration;
			buildSettings = {
				ASSETCATALOG_COMPILER_APPICON_NAME = AppIcon;
				DEVELOPMENT_TEAM = JDTEF93AA4;
				INFOPLIST_FILE = VPShareManager/Info.plist;
				LD_RUNPATH_SEARCH_PATHS = "$(inherited) @executable_path/Frameworks";
				PRODUCT_BUNDLE_IDENTIFIER = com.vsccw.VPShareManager;
				PRODUCT_NAME = "$(TARGET_NAME)";
				SWIFT_VERSION = 3.0;
			};
			name = Release;
		};
/* End XCBuildConfiguration section */

/* Begin XCConfigurationList section */
		F24F427A1E5C3AFD0058F59F /* Build configuration list for PBXProject "VPShareManager" */ = {
			isa = XCConfigurationList;
			buildConfigurations = (
				F24F428F1E5C3AFD0058F59F /* Debug */,
				F24F42901E5C3AFD0058F59F /* Release */,
			);
			defaultConfigurationIsVisible = 0;
			defaultConfigurationName = Release;
		};
		F24F42911E5C3AFD0058F59F /* Build configuration list for PBXNativeTarget "VPShareManager" */ = {
			isa = XCConfigurationList;
			buildConfigurations = (
				F24F42921E5C3AFD0058F59F /* Debug */,
				F24F42931E5C3AFD0058F59F /* Release */,
			);
			defaultConfigurationIsVisible = 0;
		};
/* End XCConfigurationList section */
	};
	rootObject = F24F42771E5C3AFD0058F59F /* Project object */;
}
